PODS:
  - ADCountryPicker (2.1.0)
  - Alamofire (4.7.2)
  - AppAuth (1.4.0):
    - AppAuth/Core (= 1.4.0)
    - AppAuth/ExternalUserAgent (= 1.4.0)
  - AppAuth/Core (1.4.0)
  - AppAuth/ExternalUserAgent (1.4.0)
  - Branch (0.34.0)
  - Crashlytics (3.11.1):
    - Fabric (~> 1.8.1)
  - CropViewController (2.5.4)
  - Fabric (1.8.2)
  - Firebase/Core (6.27.0):
    - Firebase/CoreOnly
    - FirebaseAnalytics (= 6.6.1)
  - Firebase/CoreOnly (6.27.0):
    - FirebaseCore (= 6.8.0)
  - Firebase/Messaging (6.27.0):
    - Firebase/CoreOnly
    - FirebaseMessaging (~> 4.5.0)
  - FirebaseAnalytics (6.6.1):
    - FirebaseCore (~> 6.8)
    - FirebaseInstallations (~> 1.4)
    - GoogleAppMeasurement (= 6.6.1)
    - GoogleUtilities/AppDelegateSwizzler (~> 6.0)
    - GoogleUtilities/MethodSwizzler (~> 6.0)
    - GoogleUtilities/Network (~> 6.0)
    - "GoogleUtilities/NSData+zlib (~> 6.0)"
    - nanopb (~> 1.30905.0)
  - FirebaseCore (6.8.0):
    - FirebaseCoreDiagnostics (~> 1.3)
    - GoogleUtilities/Environment (~> 6.5)
    - GoogleUtilities/Logger (~> 6.5)
  - FirebaseCoreDiagnostics (1.4.0):
    - GoogleDataTransportCCTSupport (~> 3.1)
    - GoogleUtilities/Environment (~> 6.5)
    - GoogleUtilities/Logger (~> 6.5)
    - nanopb (~> 1.30905.0)
  - FirebaseInstallations (1.4.0):
    - FirebaseCore (~> 6.8)
    - GoogleUtilities/Environment (~> 6.6)
    - GoogleUtilities/UserDefaults (~> 6.6)
    - PromisesObjC (~> 1.2)
  - FirebaseInstanceID (4.4.0):
    - FirebaseCore (~> 6.8)
    - FirebaseInstallations (~> 1.0)
    - GoogleUtilities/Environment (~> 6.5)
    - GoogleUtilities/UserDefaults (~> 6.5)
  - FirebaseMessaging (4.5.0):
    - FirebaseCore (~> 6.8)
    - FirebaseInstanceID (~> 4.3)
    - GoogleUtilities/AppDelegateSwizzler (~> 6.5)
    - GoogleUtilities/Environment (~> 6.5)
    - GoogleUtilities/Reachability (~> 6.5)
    - GoogleUtilities/UserDefaults (~> 6.5)
    - Protobuf (>= 3.9.2, ~> 3.9)
  - FontAwesome.swift (1.9.0)
  - GoogleAppMeasurement (6.6.1):
    - GoogleUtilities/AppDelegateSwizzler (~> 6.0)
    - GoogleUtilities/MethodSwizzler (~> 6.0)
    - GoogleUtilities/Network (~> 6.0)
    - "GoogleUtilities/NSData+zlib (~> 6.0)"
    - nanopb (~> 1.30905.0)
  - GoogleDataTransport (6.2.1)
  - GoogleDataTransportCCTSupport (3.2.0):
    - GoogleDataTransport (~> 6.1)
    - nanopb (~> 1.30905.0)
  - GoogleSignIn (5.0.2):
    - AppAuth (~> 1.2)
    - GTMAppAuth (~> 1.0)
    - GTMSessionFetcher/Core (~> 1.1)
  - GoogleUtilities/AppDelegateSwizzler (6.6.0):
    - GoogleUtilities/Environment
    - GoogleUtilities/Logger
    - GoogleUtilities/Network
  - GoogleUtilities/Environment (6.6.0):
    - PromisesObjC (~> 1.2)
  - GoogleUtilities/Logger (6.6.0):
    - GoogleUtilities/Environment
  - GoogleUtilities/MethodSwizzler (6.6.0):
    - GoogleUtilities/Logger
  - GoogleUtilities/Network (6.6.0):
    - GoogleUtilities/Logger
    - "GoogleUtilities/NSData+zlib"
    - GoogleUtilities/Reachability
  - "GoogleUtilities/NSData+zlib (6.6.0)"
  - GoogleUtilities/Reachability (6.6.0):
    - GoogleUtilities/Logger
  - GoogleUtilities/UserDefaults (6.6.0):
    - GoogleUtilities/Logger
  - GTMAppAuth (1.0.0):
    - AppAuth/Core (~> 1.0)
    - GTMSessionFetcher (~> 1.1)
  - GTMSessionFetcher (1.4.0):
    - GTMSessionFetcher/Full (= 1.4.0)
  - GTMSessionFetcher/Core (1.4.0)
  - GTMSessionFetcher/Full (1.4.0):
    - GTMSessionFetcher/Core (= 1.4.0)
  - IHKeyboardAvoiding (4.7)
  - ImageSlideshow (1.9.1):
    - ImageSlideshow/Core (= 1.9.1)
  - ImageSlideshow/Core (1.9.1)
  - ImageSlideshow/Kingfisher (1.9.1):
    - ImageSlideshow/Core
    - Kingfisher (> 3.0)
  - IQKeyboardManagerSwift (6.5.5)
  - Kingfisher (5.14.0):
    - Kingfisher/Core (= 5.14.0)
  - Kingfisher/Core (5.14.0)
  - KJExpandableTableTree (1.1.2)
  - LUAutocompleteView (4.0.0)
  - nanopb (1.30905.0):
    - nanopb/decode (= 1.30905.0)
    - nanopb/encode (= 1.30905.0)
  - nanopb/decode (1.30905.0)
  - nanopb/encode (1.30905.0)
  - p2.OAuth2 (5.0.0)
  - PromisesObjC (1.2.9)
  - Protobuf (3.12.0)
  - QRCodeReader.swift (10.1.0)
  - RappleProgressHUD (4.1)
  - ReCaptcha (1.5.0):
    - ReCaptcha/Core (= 1.5.0)
  - ReCaptcha/Core (1.5.0)
  - RGSColorSlider (0.1.1)
  - RxCocoa (5.1.1):
    - RxRelay (~> 5)
    - RxSwift (~> 5)
  - RxRelay (5.1.1):
    - RxSwift (~> 5)
  - RxSwift (5.1.1)
  - SwiftyJSON (5.0.0)
  - SwiftyXMLParser (5.1.0)
  - TagListView (1.4.0)

DEPENDENCIES:
  - ADCountryPicker (~> 2.1.0)
  - Alamofire (= 4.7.2)
  - Branch
  - Crashlytics (~> 3.11.1)
  - CropViewController
  - Fabric (~> 1.8.2)
  - Firebase/Core
  - Firebase/Messaging
  - FontAwesome.swift
  - GoogleSignIn (= 5.0.2)
  - IHKeyboardAvoiding
  - ImageSlideshow
  - ImageSlideshow/Kingfisher
  - IQKeyboardManagerSwift (= 6.5.5)
  - KJExpandableTableTree
  - LUAutocompleteView
  - p2.OAuth2
  - QRCodeReader.swift (~> 10.1.0)
  - RappleProgressHUD
  - ReCaptcha
  - RGSColorSlider
  - RxCocoa (~> 5.1.1)
  - RxSwift (~> 5.1.1)
  - SwiftyJSON (= 5.0.0)
  - SwiftyXMLParser (from `https://github.com/yahoojapan/SwiftyXMLParser.git`)
  - TagListView (~> 1.0)

SPEC REPOS:
  trunk:
    - ADCountryPicker
    - Alamofire
    - AppAuth
    - Branch
    - Crashlytics
    - CropViewController
    - Fabric
    - Firebase
    - FirebaseAnalytics
    - FirebaseCore
    - FirebaseCoreDiagnostics
    - FirebaseInstallations
    - FirebaseInstanceID
    - FirebaseMessaging
    - FontAwesome.swift
    - GoogleAppMeasurement
    - GoogleDataTransport
    - GoogleDataTransportCCTSupport
    - GoogleSignIn
    - GoogleUtilities
    - GTMAppAuth
    - GTMSessionFetcher
    - IHKeyboardAvoiding
    - ImageSlideshow
    - IQKeyboardManagerSwift
    - Kingfisher
    - KJExpandableTableTree
    - LUAutocompleteView
    - nanopb
    - p2.OAuth2
    - PromisesObjC
    - Protobuf
    - QRCodeReader.swift
    - RappleProgressHUD
    - ReCaptcha
    - RGSColorSlider
    - RxCocoa
    - RxRelay
    - RxSwift
    - SwiftyJSON
    - TagListView

EXTERNAL SOURCES:
  SwiftyXMLParser:
    :git: https://github.com/yahoojapan/SwiftyXMLParser.git

CHECKOUT OPTIONS:
  SwiftyXMLParser:
    :commit: 9d82653e535a13a518b411934c0a5c0c84406c22
    :git: https://github.com/yahoojapan/SwiftyXMLParser.git

SPEC CHECKSUMS:
  ADCountryPicker: 502cee76a30ea1c3834eb0df170ce635691655c9
  Alamofire: e4fa87002c137ba2d8d634d2c51fabcda0d5c223
  AppAuth: 31bcec809a638d7bd2f86ea8a52bd45f6e81e7c7
  Branch: 446aeb832102f56f04edf5fa7cb0a752dc392ca7
  Crashlytics: 3df6ef91701e6dc98005417f6d4f37ccf0cd3344
  CropViewController: 980df34ffc499db89755b2f307f20eca00cd40c6
  Fabric: d7d7820bb92eaf2c3fc36733f6e5ca9692d921e8
  Firebase: fc4cbf6f1592636431821ef9a3c557e4dfd9f268
  FirebaseAnalytics: 0ea640473474f036cabbc2576e20c2d63671c92f
  FirebaseCore: feda061cb1ee6d8ad4824f4a4a8ffbcfe284f595
  FirebaseCoreDiagnostics: 4505e4d4009b1d93f605088ee7d7764d5f0d1c84
  FirebaseInstallations: 293f567159b6d66d1c990f13bb868066096c94ec
  FirebaseInstanceID: 3b119bfe90e904851218159c9a4ecb847cc51d18
  FirebaseMessaging: ad9e1a80ea64905e01a0ce1b3eb76a2944544151
  FontAwesome.swift: a403b88cec950511745ba8f2decd1b6a07346d13
  GoogleAppMeasurement: 2fd5c5a56c069db635c8e7b92d4809a9591d0a69
  GoogleDataTransport: 9a8a16f79feffc7f42096743de2a7c4815e84020
  GoogleDataTransportCCTSupport: 489c1265d2c85b68187a83a911913d190012158d
  GoogleSignIn: 7137d297ddc022a7e0aa4619c86d72c909fa7213
  GoogleUtilities: 39530bc0ad980530298e9c4af8549e991fd033b1
  GTMAppAuth: 4deac854479704f348309e7b66189e604cf5e01e
  GTMSessionFetcher: 6f5c8abbab8a9bce4bb3f057e317728ec6182b10
  IHKeyboardAvoiding: 4cae0880c3975feffa278495df894c5166e71ad0
  ImageSlideshow: 67184be896a28472bd3b906c33ce4e0734aa3d22
  IQKeyboardManagerSwift: 0fb93310284665245591f50f7a5e38de615960b7
  Kingfisher: 7b64389a43139c903ec434788344c288217c792d
  KJExpandableTableTree: b6b20b330e1067a63efec2d4eca69faba64676ca
  LUAutocompleteView: 604edbbb358d77c8fff4b86137db76a38eb4beda
  nanopb: c43f40fadfe79e8b8db116583945847910cbabc9
  p2.OAuth2: 5d203b46c2857b4bbcca3e521089959e7b3b5a5c
  PromisesObjC: b48e0338dbbac2207e611750777895f7a5811b75
  Protobuf: 2793fcd0622a00b546c60e7cbbcc493e043e9bb9
  QRCodeReader.swift: 373a389fe9a22d513c879a32a6f647c58f4ef572
  RappleProgressHUD: f29bc5dc5f9834c2caa9c2ae21ba11f3ff2b5a85
  ReCaptcha: 40ae1dc390fd5837267674b9a6ae0978abb5eeeb
  RGSColorSlider: b045e5a4bd9f6fe568184e1ad35dee1f0cdf948f
  RxCocoa: 32065309a38d29b5b0db858819b5bf9ef038b601
  RxRelay: d77f7d771495f43c556cbc43eebd1bb54d01e8e9
  RxSwift: 81470a2074fa8780320ea5fe4102807cb7118178
  SwiftyJSON: 36413e04c44ee145039d332b4f4e2d3e8d6c4db7
  SwiftyXMLParser: 8271497e0a37b5c04b0b167c77b4896e36175a21
  TagListView: 987b0bdbb16cd9d9e7c0e2ec32aff37ecba8b173

PODFILE CHECKSUM: 8a302c1bab951b85d73c717afe08ba51e19058bd

COCOAPODS: 1.9.3
